
Microsoft Visual Studio Solution File, Format Version 12.00
# Visual Studio Version 17
VisualStudioVersion = 17.10.34825.169
MinimumVisualStudioVersion = 10.0.40219.1
Project("{9A19103F-16F7-4668-BE54-9A1E7A4F7556}") = "Bulky_Project", "Bulky_Project\Bulky_Project.csproj", "{3BAB1278-21E7-4306-9A58-E2B262E70654}"
EndProject
Project("{9A19103F-16F7-4668-BE54-9A1E7A4F7556}") = "Bulky_RazorWeb", "Bulky_RazorWeb\Bulky_RazorWeb.csproj", "{0F989A7A-414A-428B-AB4A-DAB576A39DE6}"
EndProject
Global
	GlobalSection(SolutionConfigurationPlatforms) = preSolution
		Debug|Any CPU = Debug|Any CPU
		Release|Any CPU = Release|Any CPU
	EndGlobalSection
	GlobalSection(ProjectConfigurationPlatforms) = postSolution
		{3BAB1278-21E7-4306-9A58-E2B262E70654}.Debug|Any CPU.ActiveCfg = Debug|Any CPU
		{3BAB1278-21E7-4306-9A58-E2B262E70654}.Debug|Any CPU.Build.0 = Debug|Any CPU
		{3BAB1278-21E7-4306-9A58-E2B262E70654}.Release|Any CPU.ActiveCfg = Release|Any CPU
		{3BAB1278-21E7-4306-9A58-E2B262E70654}.Release|Any CPU.Build.0 = Release|Any CPU
		{0F989A7A-414A-428B-AB4A-DAB576A39DE6}.Debug|Any CPU.ActiveCfg = Debug|Any CPU
		{0F989A7A-414A-428B-AB4A-DAB576A39DE6}.Debug|Any CPU.Build.0 = Debug|Any CPU
		{0F989A7A-414A-428B-AB4A-DAB576A39DE6}.Release|Any CPU.ActiveCfg = Release|Any CPU
		{0F989A7A-414A-428B-AB4A-DAB576A39DE6}.Release|Any CPU.Build.0 = Release|Any CPU
	EndGlobalSection
	GlobalSection(SolutionProperties) = preSolution
		HideSolutionNode = FALSE
	EndGlobalSection
	GlobalSection(ExtensibilityGlobals) = postSolution
		SolutionGuid = {F0944210-C100-4F41-B002-C08454B0FE12}
	EndGlobalSection
EndGlobal
